// !$*UTF8*$!
{
	archiveVersion = 1;
	classes = {
	};
	objectVersion = 51;
	objects = {

/* Begin PBXBuildFile section */
		102F4CBDEDDD674B3EAE24F8 /* Pods_XCWB.framework in Frameworks */ = {isa = PBXBuildFile; fileRef = DDA167E72B63B18775DCECA5 /* Pods_XCWB.framework */; };
		E705D95C240F8AE2002C349E /* UIBarButtonItem-Extension.swift in Sources */ = {isa = PBXBuildFile; fileRef = E705D95B240F8AE2002C349E /* UIBarButtonItem-Extension.swift */; };
		E705D95F240F930E002C349E /* TitleView.swift in Sources */ = {isa = PBXBuildFile; fileRef = E705D95E240F930E002C349E /* TitleView.swift */; };
		E705D962240F9FC0002C349E /* PopoverViewController.swift in Sources */ = {isa = PBXBuildFile; fileRef = E705D960240F9FC0002C349E /* PopoverViewController.swift */; };
		E705D963240F9FC0002C349E /* PopoverViewController.xib in Resources */ = {isa = PBXBuildFile; fileRef = E705D961240F9FC0002C349E /* PopoverViewController.xib */; };
		E705D9662410CFC1002C349E /* WBPresentationController.swift in Sources */ = {isa = PBXBuildFile; fileRef = E705D9652410CFC1002C349E /* WBPresentationController.swift */; };
		E705D96824112977002C349E /* PopoverAnimator.swift in Sources */ = {isa = PBXBuildFile; fileRef = E705D96724112977002C349E /* PopoverAnimator.swift */; };
		E72B8563240F5F8B00F1ECCC /* BaseViewController.swift in Sources */ = {isa = PBXBuildFile; fileRef = E72B8562240F5F8B00F1ECCC /* BaseViewController.swift */; };
		E72B8565240F605700F1ECCC /* VisitorView.swift in Sources */ = {isa = PBXBuildFile; fileRef = E72B8564240F605700F1ECCC /* VisitorView.swift */; };
		E72B8567240F606B00F1ECCC /* VisitorView.xib in Resources */ = {isa = PBXBuildFile; fileRef = E72B8566240F606B00F1ECCC /* VisitorView.xib */; };
		E73F7CF724120D8A002B841A /* DataManager.swift in Sources */ = {isa = PBXBuildFile; fileRef = E73F7CF624120D8A002B841A /* DataManager.swift */; };
		E73F7CFB24123AF8002B841A /* OAuthViewController.swift in Sources */ = {isa = PBXBuildFile; fileRef = E73F7CF924123AF8002B841A /* OAuthViewController.swift */; };
		E73F7CFC24123AF8002B841A /* OAuthViewController.xib in Resources */ = {isa = PBXBuildFile; fileRef = E73F7CFA24123AF8002B841A /* OAuthViewController.xib */; };
		E73F7CFE24124428002B841A /* Common.swift in Sources */ = {isa = PBXBuildFile; fileRef = E73F7CFD24124428002B841A /* Common.swift */; };
		E73F7D002412891C002B841A /* UserAccount.swift in Sources */ = {isa = PBXBuildFile; fileRef = E73F7CFF2412891C002B841A /* UserAccount.swift */; };
		E753FDAD240E5A1D00ECDD75 /* AppDelegate.swift in Sources */ = {isa = PBXBuildFile; fileRef = E753FDAC240E5A1D00ECDD75 /* AppDelegate.swift */; };
		E753FDB4240E5A1D00ECDD75 /* Main.storyboard in Resources */ = {isa = PBXBuildFile; fileRef = E753FDB2240E5A1D00ECDD75 /* Main.storyboard */; };
		E753FDB6240E5A1F00ECDD75 /* Assets.xcassets in Resources */ = {isa = PBXBuildFile; fileRef = E753FDB5240E5A1F00ECDD75 /* Assets.xcassets */; };
		E753FDB9240E5A1F00ECDD75 /* LaunchScreen.storyboard in Resources */ = {isa = PBXBuildFile; fileRef = E753FDB7240E5A1F00ECDD75 /* LaunchScreen.storyboard */; };
		E753FDCD240E78CA00ECDD75 /* HomeViewController.swift in Sources */ = {isa = PBXBuildFile; fileRef = E753FDCC240E78CA00ECDD75 /* HomeViewController.swift */; };
		E753FDCF240E78E000ECDD75 /* ProfileViewController.swift in Sources */ = {isa = PBXBuildFile; fileRef = E753FDCE240E78E000ECDD75 /* ProfileViewController.swift */; };
		E753FDD1240E78F100ECDD75 /* MessageViewController.swift in Sources */ = {isa = PBXBuildFile; fileRef = E753FDD0240E78F100ECDD75 /* MessageViewController.swift */; };
		E753FDD3240E790800ECDD75 /* DiscoverViewController.swift in Sources */ = {isa = PBXBuildFile; fileRef = E753FDD2240E790800ECDD75 /* DiscoverViewController.swift */; };
		E753FDD5240E79AC00ECDD75 /* WBTabBarViewController.swift in Sources */ = {isa = PBXBuildFile; fileRef = E753FDD4240E79AB00ECDD75 /* WBTabBarViewController.swift */; };
		E753FDD9240E7EC100ECDD75 /* WBTabBar.swift in Sources */ = {isa = PBXBuildFile; fileRef = E753FDD8240E7EC100ECDD75 /* WBTabBar.swift */; };
		E7A27ACA240E963300D6DF9B /* MainVCSettings.json in Resources */ = {isa = PBXBuildFile; fileRef = E7A27AC9240E963300D6DF9B /* MainVCSettings.json */; };
		E7A27ACE240EB53300D6DF9B /* UIButton-Extension.swift in Sources */ = {isa = PBXBuildFile; fileRef = E7A27ACD240EB53300D6DF9B /* UIButton-Extension.swift */; };
/* End PBXBuildFile section */

/* Begin PBXFileReference section */
		A7A633D216C4A7DE5CBC1FF6 /* Pods-XCWB.release.xcconfig */ = {isa = PBXFileReference; includeInIndex = 1; lastKnownFileType = text.xcconfig; name = "Pods-XCWB.release.xcconfig"; path = "Target Support Files/Pods-XCWB/Pods-XCWB.release.xcconfig"; sourceTree = "<group>"; };
		B1CBE72D8681F18A6566C3FD /* Pods-XCWB.debug.xcconfig */ = {isa = PBXFileReference; includeInIndex = 1; lastKnownFileType = text.xcconfig; name = "Pods-XCWB.debug.xcconfig"; path = "Target Support Files/Pods-XCWB/Pods-XCWB.debug.xcconfig"; sourceTree = "<group>"; };
		DDA167E72B63B18775DCECA5 /* Pods_XCWB.framework */ = {isa = PBXFileReference; explicitFileType = wrapper.framework; includeInIndex = 0; path = Pods_XCWB.framework; sourceTree = BUILT_PRODUCTS_DIR; };
		E705D95B240F8AE2002C349E /* UIBarButtonItem-Extension.swift */ = {isa = PBXFileReference; lastKnownFileType = sourcecode.swift; path = "UIBarButtonItem-Extension.swift"; sourceTree = "<group>"; };
		E705D95E240F930E002C349E /* TitleView.swift */ = {isa = PBXFileReference; lastKnownFileType = sourcecode.swift; path = TitleView.swift; sourceTree = "<group>"; };
		E705D960240F9FC0002C349E /* PopoverViewController.swift */ = {isa = PBXFileReference; lastKnownFileType = sourcecode.swift; path = PopoverViewController.swift; sourceTree = "<group>"; };
		E705D961240F9FC0002C349E /* PopoverViewController.xib */ = {isa = PBXFileReference; lastKnownFileType = file.xib; path = PopoverViewController.xib; sourceTree = "<group>"; };
		E705D9652410CFC1002C349E /* WBPresentationController.swift */ = {isa = PBXFileReference; lastKnownFileType = sourcecode.swift; path = WBPresentationController.swift; sourceTree = "<group>"; };
		E705D96724112977002C349E /* PopoverAnimator.swift */ = {isa = PBXFileReference; lastKnownFileType = sourcecode.swift; path = PopoverAnimator.swift; sourceTree = "<group>"; };
		E72B8562240F5F8B00F1ECCC /* BaseViewController.swift */ = {isa = PBXFileReference; lastKnownFileType = sourcecode.swift; path = BaseViewController.swift; sourceTree = "<group>"; };
		E72B8564240F605700F1ECCC /* VisitorView.swift */ = {isa = PBXFileReference; lastKnownFileType = sourcecode.swift; path = VisitorView.swift; sourceTree = "<group>"; };
		E72B8566240F606B00F1ECCC /* VisitorView.xib */ = {isa = PBXFileReference; lastKnownFileType = file.xib; path = VisitorView.xib; sourceTree = "<group>"; };
		E73F7CF624120D8A002B841A /* DataManager.swift */ = {isa = PBXFileReference; fileEncoding = 4; lastKnownFileType = sourcecode.swift; path = DataManager.swift; sourceTree = "<group>"; };
		E73F7CF924123AF8002B841A /* OAuthViewController.swift */ = {isa = PBXFileReference; lastKnownFileType = sourcecode.swift; path = OAuthViewController.swift; sourceTree = "<group>"; };
		E73F7CFA24123AF8002B841A /* OAuthViewController.xib */ = {isa = PBXFileReference; lastKnownFileType = file.xib; path = OAuthViewController.xib; sourceTree = "<group>"; };
		E73F7CFD24124428002B841A /* Common.swift */ = {isa = PBXFileReference; lastKnownFileType = sourcecode.swift; path = Common.swift; sourceTree = "<group>"; };
		E73F7CFF2412891C002B841A /* UserAccount.swift */ = {isa = PBXFileReference; lastKnownFileType = sourcecode.swift; path = UserAccount.swift; sourceTree = "<group>"; };
		E753FDA9240E5A1D00ECDD75 /* XCWB.app */ = {isa = PBXFileReference; explicitFileType = wrapper.application; includeInIndex = 0; path = XCWB.app; sourceTree = BUILT_PRODUCTS_DIR; };
		E753FDAC240E5A1D00ECDD75 /* AppDelegate.swift */ = {isa = PBXFileReference; lastKnownFileType = sourcecode.swift; path = AppDelegate.swift; sourceTree = "<group>"; };
		E753FDB3240E5A1D00ECDD75 /* Base */ = {isa = PBXFileReference; lastKnownFileType = file.storyboard; name = Base; path = Base.lproj/Main.storyboard; sourceTree = "<group>"; };
		E753FDB5240E5A1F00ECDD75 /* Assets.xcassets */ = {isa = PBXFileReference; lastKnownFileType = folder.assetcatalog; path = Assets.xcassets; sourceTree = "<group>"; };
		E753FDB8240E5A1F00ECDD75 /* Base */ = {isa = PBXFileReference; lastKnownFileType = file.storyboard; name = Base; path = Base.lproj/LaunchScreen.storyboard; sourceTree = "<group>"; };
		E753FDBA240E5A1F00ECDD75 /* Info.plist */ = {isa = PBXFileReference; lastKnownFileType = text.plist.xml; path = Info.plist; sourceTree = "<group>"; };
		E753FDCC240E78CA00ECDD75 /* HomeViewController.swift */ = {isa = PBXFileReference; lastKnownFileType = sourcecode.swift; path = HomeViewController.swift; sourceTree = "<group>"; };
		E753FDCE240E78E000ECDD75 /* ProfileViewController.swift */ = {isa = PBXFileReference; lastKnownFileType = sourcecode.swift; path = ProfileViewController.swift; sourceTree = "<group>"; };
		E753FDD0240E78F100ECDD75 /* MessageViewController.swift */ = {isa = PBXFileReference; lastKnownFileType = sourcecode.swift; path = MessageViewController.swift; sourceTree = "<group>"; };
		E753FDD2240E790800ECDD75 /* DiscoverViewController.swift */ = {isa = PBXFileReference; lastKnownFileType = sourcecode.swift; path = DiscoverViewController.swift; sourceTree = "<group>"; };
		E753FDD4240E79AB00ECDD75 /* WBTabBarViewController.swift */ = {isa = PBXFileReference; lastKnownFileType = sourcecode.swift; path = WBTabBarViewController.swift; sourceTree = "<group>"; };
		E753FDD8240E7EC100ECDD75 /* WBTabBar.swift */ = {isa = PBXFileReference; lastKnownFileType = sourcecode.swift; path = WBTabBar.swift; sourceTree = "<group>"; };
		E7A27AC9240E963300D6DF9B /* MainVCSettings.json */ = {isa = PBXFileReference; fileEncoding = 4; lastKnownFileType = text.json; path = MainVCSettings.json; sourceTree = "<group>"; };
		E7A27ACD240EB53300D6DF9B /* UIButton-Extension.swift */ = {isa = PBXFileReference; lastKnownFileType = sourcecode.swift; path = "UIButton-Extension.swift"; sourceTree = "<group>"; };
/* End PBXFileReference section */

/* Begin PBXFrameworksBuildPhase section */
		E753FDA6240E5A1D00ECDD75 /* Frameworks */ = {
			isa = PBXFrameworksBuildPhase;
			buildActionMask = 2147483647;
			files = (
				102F4CBDEDDD674B3EAE24F8 /* Pods_XCWB.framework in Frameworks */,
			);
			runOnlyForDeploymentPostprocessing = 0;
		};
/* End PBXFrameworksBuildPhase section */

/* Begin PBXGroup section */
		0059F381422D93104AE35C96 /* Pods */ = {
			isa = PBXGroup;
			children = (
				B1CBE72D8681F18A6566C3FD /* Pods-XCWB.debug.xcconfig */,
				A7A633D216C4A7DE5CBC1FF6 /* Pods-XCWB.release.xcconfig */,
			);
			path = Pods;
			sourceTree = "<group>";
		};
		DCBE40F8047DF829F5E5C621 /* Frameworks */ = {
			isa = PBXGroup;
			children = (
				DDA167E72B63B18775DCECA5 /* Pods_XCWB.framework */,
			);
			name = Frameworks;
			sourceTree = "<group>";
		};
		E705D95D240F92F2002C349E /* View */ = {
			isa = PBXGroup;
			children = (
				E705D95E240F930E002C349E /* TitleView.swift */,
			);
			path = View;
			sourceTree = "<group>";
		};
		E705D9642410CF5D002C349E /* UIPopover */ = {
			isa = PBXGroup;
			children = (
				E705D9652410CFC1002C349E /* WBPresentationController.swift */,
				E705D960240F9FC0002C349E /* PopoverViewController.swift */,
				E705D961240F9FC0002C349E /* PopoverViewController.xib */,
				E705D96724112977002C349E /* PopoverAnimator.swift */,
			);
			path = UIPopover;
			sourceTree = "<group>";
		};
		E73F7CF824123AD2002B841A /* OAuth */ = {
			isa = PBXGroup;
			children = (
				E73F7CF924123AF8002B841A /* OAuthViewController.swift */,
				E73F7CFA24123AF8002B841A /* OAuthViewController.xib */,
				E73F7CFF2412891C002B841A /* UserAccount.swift */,
			);
			path = OAuth;
			sourceTree = "<group>";
		};
		E753FDA0240E5A1D00ECDD75 = {
			isa = PBXGroup;
			children = (
				E753FDAB240E5A1D00ECDD75 /* XCWB */,
				E753FDAA240E5A1D00ECDD75 /* Products */,
				0059F381422D93104AE35C96 /* Pods */,
				DCBE40F8047DF829F5E5C621 /* Frameworks */,
			);
			sourceTree = "<group>";
		};
		E753FDAA240E5A1D00ECDD75 /* Products */ = {
			isa = PBXGroup;
			children = (
				E753FDA9240E5A1D00ECDD75 /* XCWB.app */,
			);
			name = Products;
			sourceTree = "<group>";
		};
		E753FDAB240E5A1D00ECDD75 /* XCWB */ = {
			isa = PBXGroup;
			children = (
				E753FDC7240E5BD600ECDD75 /* Classes */,
				E753FDAC240E5A1D00ECDD75 /* AppDelegate.swift */,
				E753FDB2240E5A1D00ECDD75 /* Main.storyboard */,
				E753FDB5240E5A1F00ECDD75 /* Assets.xcassets */,
				E753FDB7240E5A1F00ECDD75 /* LaunchScreen.storyboard */,
				E753FDBA240E5A1F00ECDD75 /* Info.plist */,
			);
			path = XCWB;
			sourceTree = "<group>";
		};
		E753FDC4240E5BD600ECDD75 /* Main */ = {
			isa = PBXGroup;
			children = (
				E73F7CF824123AD2002B841A /* OAuth */,
				E7A27AC8240E963300D6DF9B /* Resource */,
				E753FDD7240E7E8600ECDD75 /* Controller */,
				E753FDD6240E7E7F00ECDD75 /* View */,
			);
			path = Main;
			sourceTree = "<group>";
		};
		E753FDC5240E5BD600ECDD75 /* Profile */ = {
			isa = PBXGroup;
			children = (
				E753FDCE240E78E000ECDD75 /* ProfileViewController.swift */,
			);
			path = Profile;
			sourceTree = "<group>";
		};
		E753FDC6240E5BD600ECDD75 /* Home */ = {
			isa = PBXGroup;
			children = (
				E705D9642410CF5D002C349E /* UIPopover */,
				E705D95D240F92F2002C349E /* View */,
				E753FDCC240E78CA00ECDD75 /* HomeViewController.swift */,
			);
			path = Home;
			sourceTree = "<group>";
		};
		E753FDC7240E5BD600ECDD75 /* Classes */ = {
			isa = PBXGroup;
			children = (
				E7A27ACB240EB4FA00D6DF9B /* Tools */,
				E753FDC4240E5BD600ECDD75 /* Main */,
				E753FDC9240E5C0600ECDD75 /* Discover */,
				E753FDC8240E5BFB00ECDD75 /* Message */,
				E753FDC5240E5BD600ECDD75 /* Profile */,
				E753FDC6240E5BD600ECDD75 /* Home */,
			);
			path = Classes;
			sourceTree = "<group>";
		};
		E753FDC8240E5BFB00ECDD75 /* Message */ = {
			isa = PBXGroup;
			children = (
				E753FDD0240E78F100ECDD75 /* MessageViewController.swift */,
			);
			path = Message;
			sourceTree = "<group>";
		};
		E753FDC9240E5C0600ECDD75 /* Discover */ = {
			isa = PBXGroup;
			children = (
				E753FDD2240E790800ECDD75 /* DiscoverViewController.swift */,
			);
			path = Discover;
			sourceTree = "<group>";
		};
		E753FDD6240E7E7F00ECDD75 /* View */ = {
			isa = PBXGroup;
			children = (
				E753FDD8240E7EC100ECDD75 /* WBTabBar.swift */,
				E72B8564240F605700F1ECCC /* VisitorView.swift */,
				E72B8566240F606B00F1ECCC /* VisitorView.xib */,
			);
			path = View;
			sourceTree = "<group>";
		};
		E753FDD7240E7E8600ECDD75 /* Controller */ = {
			isa = PBXGroup;
			children = (
				E753FDD4240E79AB00ECDD75 /* WBTabBarViewController.swift */,
				E72B8562240F5F8B00F1ECCC /* BaseViewController.swift */,
			);
			path = Controller;
			sourceTree = "<group>";
		};
		E7A27AC8240E963300D6DF9B /* Resource */ = {
			isa = PBXGroup;
			children = (
				E7A27AC9240E963300D6DF9B /* MainVCSettings.json */,
			);
			path = Resource;
			sourceTree = "<group>";
		};
		E7A27ACB240EB4FA00D6DF9B /* Tools */ = {
			isa = PBXGroup;
			children = (
				E73F7CFD24124428002B841A /* Common.swift */,
				E73F7CF624120D8A002B841A /* DataManager.swift */,
				E7A27ACC240EB50900D6DF9B /* Category */,
			);
			path = Tools;
			sourceTree = "<group>";
		};
		E7A27ACC240EB50900D6DF9B /* Category */ = {
			isa = PBXGroup;
			children = (
				E705D95B240F8AE2002C349E /* UIBarButtonItem-Extension.swift */,
				E7A27ACD240EB53300D6DF9B /* UIButton-Extension.swift */,
			);
			path = Category;
			sourceTree = "<group>";
		};
/* End PBXGroup section */

/* Begin PBXNativeTarget section */
		E753FDA8240E5A1D00ECDD75 /* XCWB */ = {
			isa = PBXNativeTarget;
			buildConfigurationList = E753FDBD240E5A1F00ECDD75 /* Build configuration list for PBXNativeTarget "XCWB" */;
			buildPhases = (
				DBC19A5006FB3241875B191F /* [CP] Check Pods Manifest.lock */,
				E753FDA5240E5A1D00ECDD75 /* Sources */,
				E753FDA6240E5A1D00ECDD75 /* Frameworks */,
				E753FDA7240E5A1D00ECDD75 /* Resources */,
				A71B6BDC81C36A39EA945A00 /* [CP] Embed Pods Frameworks */,
			);
			buildRules = (
			);
			dependencies = (
			);
			name = XCWB;
			productName = XCWB;
			productReference = E753FDA9240E5A1D00ECDD75 /* XCWB.app */;
			productType = "com.apple.product-type.application";
		};
/* End PBXNativeTarget section */

/* Begin PBXProject section */
		E753FDA1240E5A1D00ECDD75 /* Project object */ = {
			isa = PBXProject;
			attributes = {
				LastSwiftUpdateCheck = 1110;
				LastUpgradeCheck = 1110;
				ORGANIZATIONNAME = nxc;
				TargetAttributes = {
					E753FDA8240E5A1D00ECDD75 = {
						CreatedOnToolsVersion = 11.1;
					};
				};
			};
			buildConfigurationList = E753FDA4240E5A1D00ECDD75 /* Build configuration list for PBXProject "XCWB" */;
			compatibilityVersion = "Xcode 9.3";
			developmentRegion = en;
			hasScannedForEncodings = 0;
			knownRegions = (
				en,
				Base,
			);
			mainGroup = E753FDA0240E5A1D00ECDD75;
			productRefGroup = E753FDAA240E5A1D00ECDD75 /* Products */;
			projectDirPath = "";
			projectRoot = "";
			targets = (
				E753FDA8240E5A1D00ECDD75 /* XCWB */,
			);
		};
/* End PBXProject section */

/* Begin PBXResourcesBuildPhase section */
		E753FDA7240E5A1D00ECDD75 /* Resources */ = {
			isa = PBXResourcesBuildPhase;
			buildActionMask = 2147483647;
			files = (
				E753FDB9240E5A1F00ECDD75 /* LaunchScreen.storyboard in Resources */,
				E72B8567240F606B00F1ECCC /* VisitorView.xib in Resources */,
				E705D963240F9FC0002C349E /* PopoverViewController.xib in Resources */,
				E753FDB6240E5A1F00ECDD75 /* Assets.xcassets in Resources */,
				E7A27ACA240E963300D6DF9B /* MainVCSettings.json in Resources */,
				E753FDB4240E5A1D00ECDD75 /* Main.storyboard in Resources */,
				E73F7CFC24123AF8002B841A /* OAuthViewController.xib in Resources */,
			);
			runOnlyForDeploymentPostprocessing = 0;
		};
/* End PBXResourcesBuildPhase section */

/* Begin PBXShellScriptBuildPhase section */
		A71B6BDC81C36A39EA945A00 /* [CP] Embed Pods Frameworks */ = {
			isa = PBXShellScriptBuildPhase;
			buildActionMask = 2147483647;
			files = (
			);
			inputFileListPaths = (
				"${PODS_ROOT}/Target Support Files/Pods-XCWB/Pods-XCWB-frameworks-${CONFIGURATION}-input-files.xcfilelist",
			);
			name = "[CP] Embed Pods Frameworks";
			outputFileListPaths = (
				"${PODS_ROOT}/Target Support Files/Pods-XCWB/Pods-XCWB-frameworks-${CONFIGURATION}-output-files.xcfilelist",
			);
			runOnlyForDeploymentPostprocessing = 0;
			shellPath = /bin/sh;
			shellScript = "\"${PODS_ROOT}/Target Support Files/Pods-XCWB/Pods-XCWB-frameworks.sh\"\n";
			showEnvVarsInLog = 0;
		};
		DBC19A5006FB3241875B191F /* [CP] Check Pods Manifest.lock */ = {
			isa = PBXShellScriptBuildPhase;
			buildActionMask = 2147483647;
			files = (
			);
			inputFileListPaths = (
			);
			inputPaths = (
				"${PODS_PODFILE_DIR_PATH}/Podfile.lock",
				"${PODS_ROOT}/Manifest.lock",
			);
			name = "[CP] Check Pods Manifest.lock";
			outputFileListPaths = (
			);
			outputPaths = (
				"$(DERIVED_FILE_DIR)/Pods-XCWB-checkManifestLockResult.txt",
			);
			runOnlyForDeploymentPostprocessing = 0;
			shellPath = /bin/sh;
			shellScript = "diff \"${PODS_PODFILE_DIR_PATH}/Podfile.lock\" \"${PODS_ROOT}/Manifest.lock\" > /dev/null\nif [ $? != 0 ] ; then\n    # print error to STDERR\n    echo \"error: The sandbox is not in sync with the Podfile.lock. Run 'pod install' or update your CocoaPods installation.\" >&2\n    exit 1\nfi\n# This output is used by Xcode 'outputs' to avoid re-running this script phase.\necho \"SUCCESS\" > \"${SCRIPT_OUTPUT_FILE_0}\"\n";
			showEnvVarsInLog = 0;
		};
/* End PBXShellScriptBuildPhase section */

/* Begin PBXSourcesBuildPhase section */
		E753FDA5240E5A1D00ECDD75 /* Sources */ = {
			isa = PBXSourcesBuildPhase;
			buildActionMask = 2147483647;
			files = (
				E705D9662410CFC1002C349E /* WBPresentationController.swift in Sources */,
				E73F7CF724120D8A002B841A /* DataManager.swift in Sources */,
				E753FDCF240E78E000ECDD75 /* ProfileViewController.swift in Sources */,
				E73F7CFB24123AF8002B841A /* OAuthViewController.swift in Sources */,
				E73F7CFE24124428002B841A /* Common.swift in Sources */,
				E73F7D002412891C002B841A /* UserAccount.swift in Sources */,
				E753FDAD240E5A1D00ECDD75 /* AppDelegate.swift in Sources */,
				E705D962240F9FC0002C349E /* PopoverViewController.swift in Sources */,
				E705D95C240F8AE2002C349E /* UIBarButtonItem-Extension.swift in Sources */,
				E753FDD1240E78F100ECDD75 /* MessageViewController.swift in Sources */,
				E753FDD5240E79AC00ECDD75 /* WBTabBarViewController.swift in Sources */,
				E753FDCD240E78CA00ECDD75 /* HomeViewController.swift in Sources */,
				E72B8563240F5F8B00F1ECCC /* BaseViewController.swift in Sources */,
				E753FDD9240E7EC100ECDD75 /* WBTabBar.swift in Sources */,
				E705D96824112977002C349E /* PopoverAnimator.swift in Sources */,
				E72B8565240F605700F1ECCC /* VisitorView.swift in Sources */,
				E753FDD3240E790800ECDD75 /* DiscoverViewController.swift in Sources */,
				E7A27ACE240EB53300D6DF9B /* UIButton-Extension.swift in Sources */,
				E705D95F240F930E002C349E /* TitleView.swift in Sources */,
			);
			runOnlyForDeploymentPostprocessing = 0;
		};
/* End PBXSourcesBuildPhase section */

/* Begin PBXVariantGroup section */
		E753FDB2240E5A1D00ECDD75 /* Main.storyboard */ = {
			isa = PBXVariantGroup;
			children = (
				E753FDB3240E5A1D00ECDD75 /* Base */,
			);
			name = Main.storyboard;
			sourceTree = "<group>";
		};
		E753FDB7240E5A1F00ECDD75 /* LaunchScreen.storyboard */ = {
			isa = PBXVariantGroup;
			children = (
				E753FDB8240E5A1F00ECDD75 /* Base */,
			);
			name = LaunchScreen.storyboard;
			sourceTree = "<group>";
		};
/* End PBXVariantGroup section */

/* Begin XCBuildConfiguration section */
		E753FDBB240E5A1F00ECDD75 /* Debug */ = {
			isa = XCBuildConfiguration;
			buildSettings = {
				ALWAYS_SEARCH_USER_PATHS = NO;
				CLANG_ANALYZER_NONNULL = YES;
				CLANG_ANALYZER_NUMBER_OBJECT_CONVERSION = YES_AGGRESSIVE;
				CLANG_CXX_LANGUAGE_STANDARD = "gnu++14";
				CLANG_CXX_LIBRARY = "libc++";
				CLANG_ENABLE_MODULES = YES;
				CLANG_ENABLE_OBJC_ARC = YES;
				CLANG_ENABLE_OBJC_WEAK = YES;
				CLANG_WARN_BLOCK_CAPTURE_AUTORELEASING = YES;
				CLANG_WARN_BOOL_CONVERSION = YES;
				CLANG_WARN_COMMA = YES;
				CLANG_WARN_CONSTANT_CONVERSION = YES;
				CLANG_WARN_DEPRECATED_OBJC_IMPLEMENTATIONS = YES;
				CLANG_WARN_DIRECT_OBJC_ISA_USAGE = YES_ERROR;
				CLANG_WARN_DOCUMENTATION_COMMENTS = YES;
				CLANG_WARN_EMPTY_BODY = YES;
				CLANG_WARN_ENUM_CONVERSION = YES;
				CLANG_WARN_INFINITE_RECURSION = YES;
				CLANG_WARN_INT_CONVERSION = YES;
				CLANG_WARN_NON_LITERAL_NULL_CONVERSION = YES;
				CLANG_WARN_OBJC_IMPLICIT_RETAIN_SELF = YES;
				CLANG_WARN_OBJC_LITERAL_CONVERSION = YES;
				CLANG_WARN_OBJC_ROOT_CLASS = YES_ERROR;
				CLANG_WARN_RANGE_LOOP_ANALYSIS = YES;
				CLANG_WARN_STRICT_PROTOTYPES = YES;
				CLANG_WARN_SUSPICIOUS_MOVE = YES;
				CLANG_WARN_UNGUARDED_AVAILABILITY = YES_AGGRESSIVE;
				CLANG_WARN_UNREACHABLE_CODE = YES;
				CLANG_WARN__DUPLICATE_METHOD_MATCH = YES;
				COPY_PHASE_STRIP = NO;
				DEBUG_INFORMATION_FORMAT = dwarf;
				ENABLE_STRICT_OBJC_MSGSEND = YES;
				ENABLE_TESTABILITY = YES;
				GCC_C_LANGUAGE_STANDARD = gnu11;
				GCC_DYNAMIC_NO_PIC = NO;
				GCC_NO_COMMON_BLOCKS = YES;
				GCC_OPTIMIZATION_LEVEL = 0;
				GCC_PREPROCESSOR_DEFINITIONS = (
					"DEBUG=1",
					"$(inherited)",
				);
				GCC_WARN_64_TO_32_BIT_CONVERSION = YES;
				GCC_WARN_ABOUT_RETURN_TYPE = YES_ERROR;
				GCC_WARN_UNDECLARED_SELECTOR = YES;
				GCC_WARN_UNINITIALIZED_AUTOS = YES_AGGRESSIVE;
				GCC_WARN_UNUSED_FUNCTION = YES;
				GCC_WARN_UNUSED_VARIABLE = YES;
				IPHONEOS_DEPLOYMENT_TARGET = 10.0;
				MTL_ENABLE_DEBUG_INFO = INCLUDE_SOURCE;
				MTL_FAST_MATH = YES;
				ONLY_ACTIVE_ARCH = YES;
				SDKROOT = iphoneos;
				SWIFT_ACTIVE_COMPILATION_CONDITIONS = DEBUG;
				SWIFT_OPTIMIZATION_LEVEL = "-Onone";
			};
			name = Debug;
		};
		E753FDBC240E5A1F00ECDD75 /* Release */ = {
			isa = XCBuildConfiguration;
			buildSettings = {
				ALWAYS_SEARCH_USER_PATHS = NO;
				CLANG_ANALYZER_NONNULL = YES;
				CLANG_ANALYZER_NUMBER_OBJECT_CONVERSION = YES_AGGRESSIVE;
				CLANG_CXX_LANGUAGE_STANDARD = "gnu++14";
				CLANG_CXX_LIBRARY = "libc++";
				CLANG_ENABLE_MODULES = YES;
				CLANG_ENABLE_OBJC_ARC = YES;
				CLANG_ENABLE_OBJC_WEAK = YES;
				CLANG_WARN_BLOCK_CAPTURE_AUTORELEASING = YES;
				CLANG_WARN_BOOL_CONVERSION = YES;
				CLANG_WARN_COMMA = YES;
				CLANG_WARN_CONSTANT_CONVERSION = YES;
				CLANG_WARN_DEPRECATED_OBJC_IMPLEMENTATIONS = YES;
				CLANG_WARN_DIRECT_OBJC_ISA_USAGE = YES_ERROR;
				CLANG_WARN_DOCUMENTATION_COMMENTS = YES;
				CLANG_WARN_EMPTY_BODY = YES;
				CLANG_WARN_ENUM_CONVERSION = YES;
				CLANG_WARN_INFINITE_RECURSION = YES;
				CLANG_WARN_INT_CONVERSION = YES;
				CLANG_WARN_NON_LITERAL_NULL_CONVERSION = YES;
				CLANG_WARN_OBJC_IMPLICIT_RETAIN_SELF = YES;
				CLANG_WARN_OBJC_LITERAL_CONVERSION = YES;
				CLANG_WARN_OBJC_ROOT_CLASS = YES_ERROR;
				CLANG_WARN_RANGE_LOOP_ANALYSIS = YES;
				CLANG_WARN_STRICT_PROTOTYPES = YES;
				CLANG_WARN_SUSPICIOUS_MOVE = YES;
				CLANG_WARN_UNGUARDED_AVAILABILITY = YES_AGGRESSIVE;
				CLANG_WARN_UNREACHABLE_CODE = YES;
				CLANG_WARN__DUPLICATE_METHOD_MATCH = YES;
				COPY_PHASE_STRIP = NO;
				DEBUG_INFORMATION_FORMAT = "dwarf-with-dsym";
				ENABLE_NS_ASSERTIONS = NO;
				ENABLE_STRICT_OBJC_MSGSEND = YES;
				GCC_C_LANGUAGE_STANDARD = gnu11;
				GCC_NO_COMMON_BLOCKS = YES;
				GCC_WARN_64_TO_32_BIT_CONVERSION = YES;
				GCC_WARN_ABOUT_RETURN_TYPE = YES_ERROR;
				GCC_WARN_UNDECLARED_SELECTOR = YES;
				GCC_WARN_UNINITIALIZED_AUTOS = YES_AGGRESSIVE;
				GCC_WARN_UNUSED_FUNCTION = YES;
				GCC_WARN_UNUSED_VARIABLE = YES;
				IPHONEOS_DEPLOYMENT_TARGET = 10.0;
				MTL_ENABLE_DEBUG_INFO = NO;
				MTL_FAST_MATH = YES;
				SDKROOT = iphoneos;
				SWIFT_COMPILATION_MODE = wholemodule;
				SWIFT_OPTIMIZATION_LEVEL = "-O";
				VALIDATE_PRODUCT = YES;
			};
			name = Release;
		};
		E753FDBE240E5A1F00ECDD75 /* Debug */ = {
			isa = XCBuildConfiguration;
			baseConfigurationReference = B1CBE72D8681F18A6566C3FD /* Pods-XCWB.debug.xcconfig */;
			buildSettings = {
				ASSETCATALOG_COMPILER_APPICON_NAME = AppIcon;
				ASSETCATALOG_COMPILER_LAUNCHIMAGE_NAME = LaunchImage;
				CODE_SIGN_STYLE = Automatic;
				INFOPLIST_FILE = XCWB/Info.plist;
				LD_RUNPATH_SEARCH_PATHS = (
					"$(inherited)",
					"@executable_path/Frameworks",
				);
				PRODUCT_BUNDLE_IDENTIFIER = com.nxc.XCWB;
				PRODUCT_NAME = "$(TARGET_NAME)";
				SWIFT_VERSION = 5.0;
				TARGETED_DEVICE_FAMILY = 1;
			};
			name = Debug;
		};
		E753FDBF240E5A1F00ECDD75 /* Release */ = {
			isa = XCBuildConfiguration;
			baseConfigurationReference = A7A633D216C4A7DE5CBC1FF6 /* Pods-XCWB.release.xcconfig */;
			buildSettings = {
				ASSETCATALOG_COMPILER_APPICON_NAME = AppIcon;
				ASSETCATALOG_COMPILER_LAUNCHIMAGE_NAME = LaunchImage;
				CODE_SIGN_STYLE = Automatic;
				INFOPLIST_FILE = XCWB/Info.plist;
				LD_RUNPATH_SEARCH_PATHS = (
					"$(inherited)",
					"@executable_path/Frameworks",
				);
				PRODUCT_BUNDLE_IDENTIFIER = com.nxc.XCWB;
				PRODUCT_NAME = "$(TARGET_NAME)";
				SWIFT_VERSION = 5.0;
				TARGETED_DEVICE_FAMILY = 1;
			};
			name = Release;
		};
/* End XCBuildConfiguration section */

/* Begin XCConfigurationList section */
		E753FDA4240E5A1D00ECDD75 /* Build configuration list for PBXProject "XCWB" */ = {
			isa = XCConfigurationList;
			buildConfigurations = (
				E753FDBB240E5A1F00ECDD75 /* Debug */,
				E753FDBC240E5A1F00ECDD75 /* Release */,
			);
			defaultConfigurationIsVisible = 0;
			defaultConfigurationName = Release;
		};
		E753FDBD240E5A1F00ECDD75 /* Build configuration list for PBXNativeTarget "XCWB" */ = {
			isa = XCConfigurationList;
			buildConfigurations = (
				E753FDBE240E5A1F00ECDD75 /* Debug */,
				E753FDBF240E5A1F00ECDD75 /* Release */,
			);
			defaultConfigurationIsVisible = 0;
			defaultConfigurationName = Release;
		};
/* End XCConfigurationList section */
	};
	rootObject = E753FDA1240E5A1D00ECDD75 /* Project object */;
}
